
Microsoft Visual Studio Solution File, Format Version 12.00
# Visual Studio Version 17
VisualStudioVersion = 17.0.31903.59
MinimumVisualStudioVersion = 10.0.40219.1
Project("{2150E333-8FDC-42A3-9474-1A3956D46DE8}") = "src", "src", "{85BF87BE-6089-4419-8B31-DA0A1E948873}"
EndProject
Project("{2150E333-8FDC-42A3-9474-1A3956D46DE8}") = "Core", "Core", "{733D4575-FAF1-460D-BE8F-E0E9AAD846FE}"
EndProject
Project("{FAE04EC0-301F-11D3-BF4B-00C04F79EFBC}") = "BlogApi.Domain", "src\Core\BlogApi.Domain\BlogApi.Domain.csproj", "{4B61AD55-A683-4C67-983D-6C4E5483F14F}"
EndProject
Global
	GlobalSection(SolutionConfigurationPlatforms) = preSolution
		Debug|Any CPU = Debug|Any CPU
		Release|Any CPU = Release|Any CPU
	EndGlobalSection
	GlobalSection(SolutionProperties) = preSolution
		HideSolutionNode = FALSE
	EndGlobalSection
	GlobalSection(ProjectConfigurationPlatforms) = postSolution
		{4B61AD55-A683-4C67-983D-6C4E5483F14F}.Debug|Any CPU.ActiveCfg = Debug|Any CPU
		{4B61AD55-A683-4C67-983D-6C4E5483F14F}.Debug|Any CPU.Build.0 = Debug|Any CPU
		{4B61AD55-A683-4C67-983D-6C4E5483F14F}.Release|Any CPU.ActiveCfg = Release|Any CPU
		{4B61AD55-A683-4C67-983D-6C4E5483F14F}.Release|Any CPU.Build.0 = Release|Any CPU
	EndGlobalSection
	GlobalSection(NestedProjects) = preSolution
		{733D4575-FAF1-460D-BE8F-E0E9AAD846FE} = {85BF87BE-6089-4419-8B31-DA0A1E948873}
		{4B61AD55-A683-4C67-983D-6C4E5483F14F} = {733D4575-FAF1-460D-BE8F-E0E9AAD846FE}
	EndGlobalSection
EndGlobal
